# This file may be used to create an environment using:
# $ conda create --name <env> --file <this file>
# platform: linux-64
@EXPLICIT
https://conda.anaconda.org/conda-forge/linux-64/ca-certificates-2018.11.29-ha4d7672_0.tar.bz2
https://repo.anaconda.com/pkgs/main/linux-64/cudatoolkit-10.0.130-0.tar.bz2
https://repo.anaconda.com/pkgs/main/linux-64/intel-openmp-2019.1-144.tar.bz2
https://conda.anaconda.org/conda-forge/linux-64/libgcc-ng-7.3.0-hdf63c60_0.tar.bz2
https://conda.anaconda.org/conda-forge/linux-64/libgfortran-ng-7.2.0-hdf63c60_3.tar.bz2
https://conda.anaconda.org/conda-forge/linux-64/libstdcxx-ng-7.3.0-hdf63c60_0.tar.bz2
https://repo.continuum.io/pkgs/main/linux-64/ripgrep-0.10.0-hc07d326_0.tar.bz2
https://conda.anaconda.org/conda-forge/linux-64/xsv-0.13.0-0.tar.bz2
https://conda.anaconda.org/conda-forge/linux-64/blosc-1.15.1-hf484d3e_1002.tar.bz2
https://conda.anaconda.org/conda-forge/linux-64/bzip2-1.0.6-h14c3975_1002.tar.bz2
https://conda.anaconda.org/conda-forge/linux-64/expat-2.2.5-hf484d3e_1002.tar.bz2
https://conda.anaconda.org/ostrokach-forge/linux-64/fd-find-7.0.0-hf484d3e_0.tar.bz2
https://conda.anaconda.org/conda-forge/linux-64/gmp-6.1.2-hf484d3e_1000.tar.bz2
https://conda.anaconda.org/conda-forge/linux-64/graphite2-1.3.13-hf484d3e_1000.tar.bz2
https://conda.anaconda.org/conda-forge/linux-64/icu-58.2-hf484d3e_1000.tar.bz2
https://conda.anaconda.org/conda-forge/linux-64/jpeg-9c-h14c3975_1001.tar.bz2
https://conda.anaconda.org/conda-forge/linux-64/libffi-3.2.1-hf484d3e_1005.tar.bz2
https://conda.anaconda.org/conda-forge/linux-64/libiconv-1.15-h14c3975_1004.tar.bz2
https://repo.continuum.io/pkgs/main/linux-64/libopenblas-0.3.3-h5a2b251_3.tar.bz2
https://conda.anaconda.org/conda-forge/linux-64/libsodium-1.0.16-h14c3975_1001.tar.bz2
https://conda.anaconda.org/conda-forge/linux-64/libuuid-2.32.1-h14c3975_1000.tar.bz2
https://conda.anaconda.org/conda-forge/linux-64/lzo-2.10-h14c3975_1000.tar.bz2
https://repo.anaconda.com/pkgs/main/linux-64/mkl-2019.1-144.tar.bz2
https://conda.anaconda.org/conda-forge/linux-64/ncurses-6.1-hf484d3e_1002.tar.bz2
https://conda.anaconda.org/conda-forge/linux-64/ninja-1.9.0-h6bb024c_0.tar.bz2
https://conda.anaconda.org/conda-forge/linux-64/nodejs-10.12.0-hf484d3e_1000.tar.bz2
https://conda.anaconda.org/conda-forge/linux-64/openblas-0.3.3-h9ac9557_1001.tar.bz2
https://conda.anaconda.org/conda-forge/linux-64/openssl-1.0.2p-h14c3975_1002.tar.bz2
https://conda.anaconda.org/ostrokach-forge/linux-64/parallel-0.11.3-hf484d3e_1.tar.bz2
https://conda.anaconda.org/conda-forge/linux-64/pcre-8.41-hf484d3e_1003.tar.bz2
https://conda.anaconda.org/conda-forge/linux-64/pixman-0.34.0-h14c3975_1003.tar.bz2
https://conda.anaconda.org/conda-forge/linux-64/pthread-stubs-0.4-h14c3975_1001.tar.bz2
https://conda.anaconda.org/conda-forge/linux-64/xorg-kbproto-1.0.7-h14c3975_1002.tar.bz2
https://conda.anaconda.org/conda-forge/linux-64/xorg-libice-1.0.9-h14c3975_1004.tar.bz2
https://conda.anaconda.org/conda-forge/linux-64/xorg-libxau-1.0.8-h14c3975_1006.tar.bz2
https://conda.anaconda.org/conda-forge/linux-64/xorg-libxdmcp-1.1.2-h14c3975_1007.tar.bz2
https://conda.anaconda.org/conda-forge/linux-64/xorg-renderproto-0.11.1-h14c3975_1002.tar.bz2
https://conda.anaconda.org/conda-forge/linux-64/xorg-xextproto-7.3.0-h14c3975_1002.tar.bz2
https://conda.anaconda.org/conda-forge/linux-64/xorg-xproto-7.0.31-h14c3975_1007.tar.bz2
https://conda.anaconda.org/conda-forge/linux-64/xz-5.2.4-h14c3975_1001.tar.bz2
https://conda.anaconda.org/conda-forge/linux-64/yaml-0.1.7-h14c3975_1001.tar.bz2
https://conda.anaconda.org/conda-forge/linux-64/zlib-1.2.11-h14c3975_1004.tar.bz2
https://conda.anaconda.org/conda-forge/linux-64/blas-1.1-openblas.tar.bz2
https://conda.anaconda.org/conda-forge/linux-64/boost-cpp-1.68.0-h11c811c_1000.tar.bz2
https://conda.anaconda.org/conda-forge/linux-64/dbus-1.13.0-h4e0c4b3_1000.tar.bz2
https://conda.anaconda.org/conda-forge/linux-64/gettext-0.19.8.1-h9745a5d_1001.tar.bz2
https://conda.anaconda.org/conda-forge/linux-64/hdf4-4.2.13-h9a582f1_1002.tar.bz2
https://conda.anaconda.org/conda-forge/linux-64/hdf5-1.10.4-nompi_h11e915b_1105.tar.bz2
https://conda.anaconda.org/salilab/linux-64/hdf5-1820-1.8.20-0.tar.bz2
https://conda.anaconda.org/conda-forge/linux-64/libedit-3.1.20170329-hf8c457e_1001.tar.bz2
https://conda.anaconda.org/conda-forge/linux-64/libpng-1.6.36-h84994c4_1000.tar.bz2
https://conda.anaconda.org/conda-forge/linux-64/libprotobuf-3.6.1-hdbcaa40_1000.tar.bz2
https://conda.anaconda.org/conda-forge/linux-64/libssh2-1.8.0-h1ad7b7a_1003.tar.bz2
https://conda.anaconda.org/conda-forge/linux-64/libtiff-4.0.10-h648cc4a_1001.tar.bz2
https://conda.anaconda.org/conda-forge/linux-64/libxcb-1.13-h14c3975_1002.tar.bz2
https://conda.anaconda.org/conda-forge/linux-64/libxml2-2.9.8-h143f9aa_1005.tar.bz2
https://conda.anaconda.org/conda-forge/linux-64/pandoc-2.6-0.tar.bz2
https://conda.anaconda.org/conda-forge/linux-64/readline-7.0-hf8c457e_1001.tar.bz2
https://conda.anaconda.org/conda-forge/linux-64/tk-8.6.9-h84994c4_1000.tar.bz2
https://conda.anaconda.org/conda-forge/linux-64/xorg-libsm-1.2.3-h4937e3b_1000.tar.bz2
https://conda.anaconda.org/conda-forge/linux-64/zeromq-4.2.5-hf484d3e_1006.tar.bz2
https://conda.anaconda.org/conda-forge/linux-64/freetype-2.9.1-h94bbf69_1005.tar.bz2
https://conda.anaconda.org/conda-forge/linux-64/glib-2.58.2-hf63aee3_1001.tar.bz2
https://conda.anaconda.org/conda-forge/linux-64/krb5-1.16.3-hc83ff2d_1000.tar.bz2
https://conda.anaconda.org/conda-forge/linux-64/libxslt-1.1.32-h4785a14_1002.tar.bz2
https://conda.anaconda.org/conda-forge/linux-64/sqlite-3.26.0-h67949de_1000.tar.bz2
https://conda.anaconda.org/conda-forge/linux-64/thrift-cpp-0.12.0-h23e226f_1001.tar.bz2
https://conda.anaconda.org/conda-forge/linux-64/xorg-libx11-1.6.7-h14c3975_1000.tar.bz2
https://conda.anaconda.org/conda-forge/linux-64/fontconfig-2.13.1-h2176d3f_1000.tar.bz2
https://conda.anaconda.org/conda-forge/linux-64/gstreamer-1.14.4-h66beb1c_1001.tar.bz2
https://conda.anaconda.org/conda-forge/linux-64/libcurl-7.64.0-h01ee5af_0.tar.bz2
https://conda.anaconda.org/conda-forge/linux-64/python-3.7.1-hd21baee_1000.tar.bz2
https://conda.anaconda.org/conda-forge/linux-64/xorg-libxext-1.3.3-h14c3975_1004.tar.bz2
https://conda.anaconda.org/conda-forge/linux-64/xorg-libxrender-0.9.10-h14c3975_1002.tar.bz2
https://conda.anaconda.org/conda-forge/linux-64/xorg-libxt-1.1.5-h14c3975_1002.tar.bz2
https://conda.anaconda.org/conda-forge/linux-64/asn1crypto-0.24.0-py37_1003.tar.bz2
https://conda.anaconda.org/conda-forge/noarch/atomicwrites-1.3.0-py_0.tar.bz2
https://conda.anaconda.org/conda-forge/noarch/attrs-18.2.0-py_0.tar.bz2
https://conda.anaconda.org/conda-forge/noarch/backcall-0.1.0-py_0.tar.bz2
https://conda.anaconda.org/conda-forge/noarch/boltons-18.0.1-py_0.tar.bz2
https://conda.anaconda.org/conda-forge/noarch/boto-2.49.0-py_0.tar.bz2
https://conda.anaconda.org/conda-forge/noarch/bz2file-0.98-py_0.tar.bz2
https://conda.anaconda.org/conda-forge/linux-64/cairo-1.16.0-ha4e643d_1000.tar.bz2
https://conda.anaconda.org/conda-forge/linux-64/certifi-2018.11.29-py37_1000.tar.bz2
https://conda.anaconda.org/conda-forge/linux-64/chardet-3.0.4-py37_1003.tar.bz2
https://conda.anaconda.org/conda-forge/noarch/click-7.0-py_0.tar.bz2
https://conda.anaconda.org/conda-forge/linux-64/curl-7.64.0-h646f8bb_0.tar.bz2
https://conda.anaconda.org/conda-forge/noarch/decorator-4.3.2-py_0.tar.bz2
https://conda.anaconda.org/conda-forge/linux-64/dill-0.2.9-py37_0.tar.bz2
https://conda.anaconda.org/conda-forge/linux-64/docutils-0.14-py37_1001.tar.bz2
https://conda.anaconda.org/conda-forge/linux-64/entrypoints-0.3-py37_1000.tar.bz2
https://conda.anaconda.org/conda-forge/noarch/findspark-1.3.0-py_1.tar.bz2
https://conda.anaconda.org/conda-forge/linux-64/idna-2.8-py37_1000.tar.bz2
https://conda.anaconda.org/conda-forge/noarch/ipython_genutils-0.2.0-py_1.tar.bz2
https://conda.anaconda.org/conda-forge/noarch/jmespath-0.9.3-py_1.tar.bz2
https://conda.anaconda.org/conda-forge/noarch/joblib-0.13.1-py_0.tar.bz2
https://conda.anaconda.org/conda-forge/linux-64/kiwisolver-1.0.1-py37h6bb024c_1002.tar.bz2
https://conda.anaconda.org/conda-forge/linux-64/llvmlite-0.26.0-py37hdbcaa40_1000.tar.bz2
https://conda.anaconda.org/conda-forge/linux-64/lxml-4.3.0-py37h23eabaa_1000.tar.bz2
https://conda.anaconda.org/conda-forge/linux-64/markupsafe-1.1.0-py37h14c3975_1000.tar.bz2
https://conda.anaconda.org/conda-forge/linux-64/mistune-0.8.4-py37h14c3975_1000.tar.bz2
https://conda.anaconda.org/salilab/linux-64/modeller-9.20-py37_1.tar.bz2
https://conda.anaconda.org/conda-forge/linux-64/msgpack-python-0.6.1-py37h6bb024c_0.tar.bz2
https://repo.anaconda.com/pkgs/main/linux-64/numpy-base-1.15.4-py37h2f8d375_0.tar.bz2
https://conda.anaconda.org/conda-forge/noarch/pandocfilters-1.4.2-py_1.tar.bz2
https://conda.anaconda.org/conda-forge/noarch/parso-0.3.3-py_0.tar.bz2
https://conda.anaconda.org/conda-forge/linux-64/pickleshare-0.7.5-py37_1000.tar.bz2
https://conda.anaconda.org/conda-forge/noarch/pluggy-0.8.1-py_0.tar.bz2
https://conda.anaconda.org/conda-forge/noarch/prometheus_client-0.5.0-py_0.tar.bz2
https://conda.anaconda.org/conda-forge/linux-64/psutil-5.5.0-py37h14c3975_0.tar.bz2
https://conda.anaconda.org/conda-forge/linux-64/ptyprocess-0.6.0-py37_1000.tar.bz2
https://conda.anaconda.org/conda-forge/noarch/py-1.7.0-py_0.tar.bz2
https://conda.anaconda.org/conda-forge/noarch/pyasn1-0.4.4-py_1.tar.bz2
https://conda.anaconda.org/conda-forge/noarch/pycparser-2.19-py_0.tar.bz2
https://repo.anaconda.com/pkgs/main/linux-64/pycurl-7.43.0.2-py37hb7f436b_0.tar.bz2
https://conda.anaconda.org/conda-forge/noarch/pyparsing-2.3.1-py_0.tar.bz2
https://conda.anaconda.org/conda-forge/linux-64/pysocks-1.6.8-py37_1002.tar.bz2
https://conda.anaconda.org/conda-forge/noarch/pytz-2018.9-py_0.tar.bz2
https://conda.anaconda.org/conda-forge/linux-64/pyyaml-3.13-py37h14c3975_1001.tar.bz2
https://conda.anaconda.org/conda-forge/linux-64/pyzmq-17.1.2-py37h6afc9c9_1001.tar.bz2
https://conda.anaconda.org/conda-forge/noarch/send2trash-1.5.0-py_0.tar.bz2
https://conda.anaconda.org/conda-forge/linux-64/sip-4.18.1-py37hf484d3e_1000.tar.bz2
https://conda.anaconda.org/conda-forge/linux-64/six-1.12.0-py37_1000.tar.bz2
https://conda.anaconda.org/conda-forge/linux-64/sqlalchemy-1.2.17-py37h14c3975_0.tar.bz2
https://conda.anaconda.org/conda-forge/linux-64/testpath-0.4.2-py37_1000.tar.bz2
https://conda.anaconda.org/conda-forge/linux-64/tornado-5.1.1-py37h14c3975_1000.tar.bz2
https://conda.anaconda.org/conda-forge/noarch/wcwidth-0.1.7-py_1.tar.bz2
https://conda.anaconda.org/conda-forge/noarch/webencodings-0.5.1-py_1.tar.bz2
https://conda.anaconda.org/conda-forge/linux-64/cffi-1.11.5-py37h9745a5d_1001.tar.bz2
https://conda.anaconda.org/conda-forge/noarch/cycler-0.10.0-py_1.tar.bz2
https://conda.anaconda.org/conda-forge/linux-64/gobject-introspection-1.58.2-py37h2da5eee_1000.tar.bz2
https://conda.anaconda.org/conda-forge/linux-64/harfbuzz-2.3.1-h6824563_0.tar.bz2
https://conda.anaconda.org/conda-forge/linux-64/jedi-0.13.2-py37_1000.tar.bz2
https://conda.anaconda.org/conda-forge/linux-64/libnetcdf-4.6.2-hbdf4f91_1001.tar.bz2
https://conda.anaconda.org/conda-forge/noarch/mmtf-python-1.1.2-py_0.tar.bz2
https://conda.anaconda.org/conda-forge/linux-64/more-itertools-4.3.0-py37_1000.tar.bz2
https://repo.anaconda.com/pkgs/main/linux-64/numpy-1.15.4-py37h99e49ec_0.tar.bz2
https://conda.anaconda.org/conda-forge/linux-64/pexpect-4.6.0-py37_1000.tar.bz2
https://conda.anaconda.org/conda-forge/linux-64/pyrsistent-0.14.9-py37h14c3975_1000.tar.bz2
https://conda.anaconda.org/conda-forge/noarch/python-dateutil-2.8.0-py_0.tar.bz2
https://conda.anaconda.org/conda-forge/noarch/retrying-1.3.3-py_2.tar.bz2
https://conda.anaconda.org/conda-forge/linux-64/setuptools-40.7.3-py37_0.tar.bz2
https://conda.anaconda.org/conda-forge/linux-64/terminado-0.8.1-py37_1001.tar.bz2
https://conda.anaconda.org/conda-forge/linux-64/traitlets-4.3.2-py37_1000.tar.bz2
https://conda.anaconda.org/conda-forge/linux-64/arrow-cpp-0.12.0-py37h0e61e49_0.tar.bz2
https://conda.anaconda.org/conda-forge/linux-64/atk-2.25.90-hb9dd440_1002.tar.bz2
https://repo.anaconda.com/pkgs/main/linux-64/bcrypt-3.1.6-py37h7b6447c_0.tar.bz2
https://conda.anaconda.org/conda-forge/linux-64/biopython-1.73-py37h14c3975_0.tar.bz2
https://conda.anaconda.org/conda-forge/noarch/bleach-3.1.0-py_0.tar.bz2
https://conda.anaconda.org/conda-forge/linux-64/cftime-1.0.3.4-py37h3010b51_1000.tar.bz2
https://conda.anaconda.org/conda-forge/linux-64/cryptography-2.5-py37hb7f436b_0.tar.bz2
https://conda.anaconda.org/conda-forge/linux-64/gdk-pixbuf-2.36.12-h49783d7_1002.tar.bz2
https://conda.anaconda.org/conda-forge/linux-64/gsd-1.6.0-py37h3010b51_1001.tar.bz2
https://conda.anaconda.org/conda-forge/linux-64/isort-4.3.4-py37_1000.tar.bz2
https://conda.anaconda.org/conda-forge/noarch/jinja2-2.10-py_1.tar.bz2
https://conda.anaconda.org/conda-forge/linux-64/jsonschema-3.0.0a3-py37_1000.tar.bz2
https://conda.anaconda.org/conda-forge/noarch/jupyter_core-4.4.0-py_0.tar.bz2
https://conda.anaconda.org/conda-forge/linux-64/matplotlib-base-3.0.2-py37h167e16e_1002.tar.bz2
https://conda.anaconda.org/conda-forge/noarch/networkx-2.2-py_1.tar.bz2
https://conda.anaconda.org/conda-forge/linux-64/numba-0.41.0-py37h637b7d7_1000.tar.bz2
https://conda.anaconda.org/conda-forge/linux-64/numexpr-2.6.9-py37h637b7d7_1000.tar.bz2
https://conda.anaconda.org/conda-forge/linux-64/pandas-0.24.1-py37hf484d3e_0.tar.bz2
https://conda.anaconda.org/conda-forge/linux-64/pango-1.40.14-h4ea9474_1004.tar.bz2
https://conda.anaconda.org/conda-forge/noarch/pygments-2.3.1-py_0.tar.bz2
https://conda.anaconda.org/conda-forge/linux-64/pynacl-1.3.0-py37h14c3975_1000.tar.bz2
https://conda.anaconda.org/conda-forge/linux-64/pytest-4.2.0-py37_0.tar.bz2
https://conda.anaconda.org/pytorch/linux-64/pytorch-1.0.1-py3.7_cuda10.0.130_cudnn7.4.2_0.tar.bz2
https://conda.anaconda.org/conda-forge/linux-64/ruamel.yaml-0.15.87-py37h14c3975_0.tar.bz2
https://conda.anaconda.org/conda-forge/linux-64/scipy-1.2.0-py37_blas_openblash1522bff_1201.tar.bz2
https://conda.anaconda.org/conda-forge/linux-64/wheel-0.32.3-py37_0.tar.bz2
https://conda.anaconda.org/conda-forge/noarch/griddataformats-0.4.0-py_0.tar.bz2
https://conda.anaconda.org/conda-forge/linux-64/gtk2-2.24.31-hb68c50a_1001.tar.bz2
https://conda.anaconda.org/conda-forge/noarch/jupyter_client-5.2.4-py_1.tar.bz2
https://conda.anaconda.org/kimlab/linux-64/kmbio-2.0.13-py37hb4e6623_0.tar.bz2
https://conda.anaconda.org/conda-forge/noarch/nbformat-4.4.0-py_1.tar.bz2
https://conda.anaconda.org/conda-forge/linux-64/netcdf4-1.4.2-py37had69b76_1001.tar.bz2
https://conda.anaconda.org/conda-forge/linux-64/paramiko-2.4.2-py37_1000.tar.bz2
https://conda.anaconda.org/conda-forge/noarch/parquet-cpp-1.5.1-4.tar.bz2
https://conda.anaconda.org/conda-forge/noarch/patsy-0.5.1-py_0.tar.bz2
https://conda.anaconda.org/conda-forge/linux-64/pip-19.0.1-py37_0.tar.bz2
https://conda.anaconda.org/conda-forge/noarch/prompt_toolkit-2.0.8-py_0.tar.bz2
https://conda.anaconda.org/conda-forge/linux-64/pyopenssl-19.0.0-py37_0.tar.bz2
https://conda.anaconda.org/conda-forge/linux-64/pytables-3.4.4-py37h5d69a80_1004.tar.bz2
https://conda.anaconda.org/conda-forge/linux-64/scikit-learn-0.20.2-py37_blas_openblashebff5e3_1400.tar.bz2
https://conda.anaconda.org/conda-forge/linux-64/ipython-7.2.0-py37h24bf2e0_1000.tar.bz2
https://conda.anaconda.org/conda-forge/noarch/nbconvert-5.3.1-py_1.tar.bz2
https://conda.anaconda.org/conda-forge/linux-64/pyarrow-0.12.0-py37hbbcf98d_2.tar.bz2
https://conda.anaconda.org/conda-forge/linux-64/qt-5.6.2-hce4f676_1013.tar.bz2
https://conda.anaconda.org/conda-forge/linux-64/statsmodels-0.9.0-py37h3010b51_1000.tar.bz2
https://conda.anaconda.org/conda-forge/linux-64/urllib3-1.24.1-py37_1000.tar.bz2
https://conda.anaconda.org/conda-forge/noarch/botocore-1.12.88-py_0.tar.bz2
https://conda.anaconda.org/conda-forge/linux-64/ipykernel-5.1.0-py37h24bf2e0_1002.tar.bz2
https://conda.anaconda.org/conda-forge/linux-64/pyqt-5.6.0-py37h13b7fb3_1008.tar.bz2
https://conda.anaconda.org/conda-forge/linux-64/requests-2.21.0-py37_1000.tar.bz2
https://conda.anaconda.org/conda-forge/noarch/jupyter_console-6.0.0-py_0.tar.bz2
https://conda.anaconda.org/conda-forge/linux-64/matplotlib-3.0.2-py37_1002.tar.bz2
https://conda.anaconda.org/conda-forge/linux-64/notebook-5.7.4-py37_1000.tar.bz2
https://conda.anaconda.org/conda-forge/noarch/qtconsole-4.4.3-py_0.tar.bz2
https://conda.anaconda.org/conda-forge/linux-64/s3transfer-0.1.13-py37_1001.tar.bz2
https://conda.anaconda.org/conda-forge/noarch/boto3-1.9.88-py_0.tar.bz2
https://conda.anaconda.org/conda-forge/noarch/jupyter_contrib_core-0.3.3-py_2.tar.bz2
https://conda.anaconda.org/conda-forge/noarch/jupyterlab_server-0.2.0-py_0.tar.bz2
https://conda.anaconda.org/conda-forge/noarch/matplotlib-venn-0.11.5-py_1.tar.bz2
https://conda.anaconda.org/conda-forge/noarch/seaborn-0.9.0-py_0.tar.bz2
https://conda.anaconda.org/conda-forge/linux-64/widgetsnbextension-3.4.2-py37_1000.tar.bz2
https://conda.anaconda.org/conda-forge/noarch/ipywidgets-7.4.2-py_0.tar.bz2
https://conda.anaconda.org/conda-forge/linux-64/jupyter_highlight_selected_word-0.2.0-py37_1000.tar.bz2
https://conda.anaconda.org/conda-forge/linux-64/jupyter_latex_envs-1.4.4-py37_1000.tar.bz2
https://conda.anaconda.org/conda-forge/linux-64/jupyter_nbextensions_configurator-0.4.1-py37_0.tar.bz2
https://conda.anaconda.org/conda-forge/linux-64/jupyterlab-0.35.4-py37_0.tar.bz2
https://conda.anaconda.org/conda-forge/linux-64/mdanalysis-0.19.2-py37hf484d3e_1000.tar.bz2
https://conda.anaconda.org/conda-forge/noarch/smart_open-1.8.0-py_0.tar.bz2
https://conda.anaconda.org/conda-forge/noarch/jupyter-1.0.0-py_1.tar.bz2
https://conda.anaconda.org/conda-forge/linux-64/jupyter_contrib_nbextensions-0.5.1-py37_0.tar.bz2
https://conda.anaconda.org/kimlab/linux-64/kmtools-0.0.36-py37h14c3975_0.tar.bz2
